
Microsoft Visual Studio Solution File, Format Version 12.00
# Visual Studio Version 16
VisualStudioVersion = 16.0.30523.141
MinimumVisualStudioVersion = 10.0.40219.1
Project("{FAE04EC0-301F-11D3-BF4B-00C04F79EFBC}") = "LoggingSupport", "LoggingSupport\LoggingSupport.csproj", "{3805DB92-A7AE-475D-9F61-9FEE2D6FC604}"
EndProject
Global
	GlobalSection(SolutionConfigurationPlatforms) = preSolution
		Debug|Any CPU = Debug|Any CPU
		Release|Any CPU = Release|Any CPU
	EndGlobalSection
	GlobalSection(ProjectConfigurationPlatforms) = postSolution
		{3805DB92-A7AE-475D-9F61-9FEE2D6FC604}.Debug|Any CPU.ActiveCfg = Debug|Any CPU
		{3805DB92-A7AE-475D-9F61-9FEE2D6FC604}.Debug|Any CPU.Build.0 = Debug|Any CPU
		{3805DB92-A7AE-475D-9F61-9FEE2D6FC604}.Release|Any CPU.ActiveCfg = Release|Any CPU
		{3805DB92-A7AE-475D-9F61-9FEE2D6FC604}.Release|Any CPU.Build.0 = Release|Any CPU
	EndGlobalSection
	GlobalSection(SolutionProperties) = preSolution
		HideSolutionNode = FALSE
	EndGlobalSection
	GlobalSection(ExtensibilityGlobals) = postSolution
		SolutionGuid = {20CD745D-C25D-40CF-95F6-EA1AE0104357}
	EndGlobalSection
EndGlobal
